<Solution>
  <Project Path="Cache.csproj" />
  <Project Path="Novels.Notification.csproj" />
  <Project Path="BattleStory.Battle.View.csproj" />
  <Project Path="Disposable.csproj" />
  <Project Path="Loading.View.csproj" />
  <Project Path="BattleStory.Camera.csproj" />
  <Project Path="Novels.Location.csproj" />
  <Project Path="BattleStory.csproj" />
  <Project Path="SimpleInput.csproj" />
  <Project Path="Setting.csproj" />
  <Project Path="BattleStory.Character.csproj" />
  <Project Path="Logs.csproj" />
  <Project Path="Setting.View.csproj" />
  <Project Path="Assembly-CSharp-Editor.csproj" />
  <Project Path="BattleStory.Story.csproj" />
  <Project Path="BattleStory.SOData.csproj" />
  <Project Path="BattleStory.Character.View.csproj" />
  <Project Path="Novels.Bubble.csproj" />
  <Project Path="SOData.csproj" />
  <Project Path="Novels.Location.View.csproj" />
  <Project Path="BattleStory.Preloading.csproj" />
  <Project Path="Novels.csproj" />
  <Project Path="Bundles.csproj" />
  <Project Path="Novels.Bubble.View.csproj" />
  <Project Path="LoadingPriority.csproj" />
  <Project Path="BattleStory.Story.View.csproj" />
  <Project Path="Novels.StoryProcessor.csproj" />
  <Project Path="Novels.Waiting.csproj" />
  <Project Path="Novels.Character.View.csproj" />
  <Project Path="CodeStrippingFix.csproj" />
  <Project Path="BattleStory.Battle.csproj" />
  <Project Path="Novels.Notication.View.csproj" />
  <Project Path="Novels.Character.csproj" />
  <Project Path="Loading.csproj" />
</Solution>
