<Solution>
  <Project Path="SimpleInput.Runtime.csproj" />
  <Project Path="Game.Character.csproj" />
  <Project Path="Game.Chapter_ScreenAndBattle.csproj" />
  <Project Path="Game.csproj" />
  <Project Path="SimpleInput.Editor.csproj" />
  <Project Path="Game.Camera.csproj" />
  <Project Path="Game.Disposable.csproj" />
  <Project Path="Game.Chapter_OnlyScreen.csproj" />
  <Project Path="Game.ChapterScreen.csproj" />
  <Project Path="Game.Loading.csproj" />
</Solution>
