<Solution>
  <Project Path="Novels.Audio.csproj" />
  <Project Path="Disposable.csproj" />
  <Project Path="Novels.csproj" />
  <Project Path="Loading.View.csproj" />
  <Project Path="Bundles.csproj" />
  <Project Path="Novels.Choose.View.csproj" />
  <Project Path="Novels.Editor.csproj" />
  <Project Path="Novels.StoryCommands.csproj" />
  <Project Path="Novels.Character.csproj" />
  <Project Path="Novels.Save.csproj" />
  <Project Path="Novels.Wardrobe.csproj" />
  <Project Path="Novels.Bootstrap.csproj" />
  <Project Path="Novels.Location.View.csproj" />
  <Project Path="Novels.StoryContracts.csproj" />
  <Project Path="Novels.StoryExecution.csproj" />
  <Project Path="Novels.ContentAddressing.csproj" />
  <Project Path="Novels.Notification.csproj" />
  <Project Path="Novels.Location.csproj" />
  <Project Path="Novels.Choose.Contracts.csproj" />
  <Project Path="Bundles.Editor.csproj" />
  <Project Path="Novels.Catalog.csproj" />
  <Project Path="Novels.Content.csproj" />
  <Project Path="Novels.Wardrobe.Contracts.csproj" />
  <Project Path="Novels.StoryQueue.csproj" />
  <Project Path="Novels.Wardrobe.View.csproj" />
  <Project Path="LoadingPriority.csproj" />
  <Project Path="Novels.Diagnostics.csproj" />
  <Project Path="Novels.StoryProcessor.csproj" />
  <Project Path="Novels.Choose.csproj" />
  <Project Path="Novels.Bubble.Contracts.csproj" />
  <Project Path="Loading.csproj" />
  <Project Path="Logs.csproj" />
  <Project Path="UITransitions.csproj" />
  <Project Path="Novels.Bubble.View.csproj" />
  <Project Path="Setting.View.csproj" />
  <Project Path="Novels.Bubble.csproj" />
  <Project Path="CodeStrippingFix.csproj" />
  <Project Path="Setting.csproj" />
  <Project Path="Novels.Character.View.csproj" />
  <Project Path="Cache.csproj" />
</Solution>
