<Solution>
  <Project Path="Novels.Notification.csproj" />
  <Project Path="Disposable.csproj" />
  <Project Path="Novels.csproj" />
  <Project Path="Loading.View.csproj" />
  <Project Path="Bundles.csproj" />
  <Project Path="Novels.Location.csproj" />
  <Project Path="Logs.csproj" />
  <Project Path="Novels.Editor.csproj" />
  <Project Path="Novels.Save.csproj" />
  <Project Path="Localization.csproj" />
  <Project Path="Novels.StoryCommands.csproj" />
  <Project Path="Novels.StoryContracts.csproj" />
  <Project Path="Novels.QueueProcess.csproj" />
  <Project Path="Novels.Bubble.csproj" />
  <Project Path="SOData.csproj" />
  <Project Path="Novels.Location.View.csproj" />
  <Project Path="Novels.PathGetter.csproj" />
  <Project Path="Novels.StoryQueue.csproj" />
  <Project Path="Novels.Character.csproj" />
  <Project Path="Novels.StoryProcessor.csproj" />
  <Project Path="Novels.Content.csproj" />
  <Project Path="Novels.Bubble.View.csproj" />
  <Project Path="LoadingPriority.csproj" />
  <Project Path="Novels.Audio.csproj" />
  <Project Path="Setting.View.csproj" />
  <Project Path="Novels.Waiting.csproj" />
  <Project Path="Novels.Character.View.csproj" />
  <Project Path="Novels.Diagnostics.csproj" />
  <Project Path="CodeStrippingFix.csproj" />
  <Project Path="Setting.csproj" />
  <Project Path="Novels.Notification.View.csproj" />
  <Project Path="Cache.csproj" />
  <Project Path="Novels.Bubble.Contracts.csproj" />
  <Project Path="Loading.csproj" />
</Solution>
